
Microsoft Visual Studio Solution File, Format Version 12.00
# Visual Studio Version 17
VisualStudioVersion = 17.5.33627.172
MinimumVisualStudioVersion = 10.0.40219.1
Project("{9A19103F-16F7-4668-BE54-9A1E7A4F7556}") = "Healthtrackr.Api.Activity", "Healthtrackr.Api.Activity\Healthtrackr.Api.Activity.csproj", "{1686C005-0DDB-4BC5-AE6E-002B732DD43D}"
EndProject
Project("{9A19103F-16F7-4668-BE54-9A1E7A4F7556}") = "Healthtrackr.Api.Activity.Common", "Healthtrackr.Api.Activity.Common\Healthtrackr.Api.Activity.Common.csproj", "{B21D4FF2-F1FA-4408-B4CC-8AD146C4CB00}"
EndProject
Project("{9A19103F-16F7-4668-BE54-9A1E7A4F7556}") = "Healthtrackr.Api.Activity.Repository", "Healthtrackr.Api.Activity.Repository\Healthtrackr.Api.Activity.Repository.csproj", "{ABCF6717-1661-4BD8-AAD9-570526F2D2D8}"
EndProject
Project("{9A19103F-16F7-4668-BE54-9A1E7A4F7556}") = "Healthtrackr.Api.Activity.Services", "Healthtrackr.Api.Activity.Services\Healthtrackr.Api.Activity.Services.csproj", "{13385378-FEC9-43C4-A2A0-CF3E56FEF281}"
EndProject
Project("{9A19103F-16F7-4668-BE54-9A1E7A4F7556}") = "Healthtrackr.Api.Activity.Services.UnitTests", "Healthtrackr.Api.Activity.Services.UnitTests\Healthtrackr.Api.Activity.Services.UnitTests.csproj", "{1B585069-ED6E-4E63-9C92-9E86D2FC3814}"
EndProject
Project("{9A19103F-16F7-4668-BE54-9A1E7A4F7556}") = "Healthtrackr.Api.Activity.IntegrationTests", "Healthtrackr.Api.Activity.IntegrationTests\Healthtrackr.Api.Activity.IntegrationTests.csproj", "{02967965-2873-4AC8-A0BA-B962C0175F0D}"
EndProject
Global
	GlobalSection(SolutionConfigurationPlatforms) = preSolution
		Debug|Any CPU = Debug|Any CPU
		Release|Any CPU = Release|Any CPU
	EndGlobalSection
	GlobalSection(ProjectConfigurationPlatforms) = postSolution
		{1686C005-0DDB-4BC5-AE6E-002B732DD43D}.Debug|Any CPU.ActiveCfg = Debug|Any CPU
		{1686C005-0DDB-4BC5-AE6E-002B732DD43D}.Debug|Any CPU.Build.0 = Debug|Any CPU
		{1686C005-0DDB-4BC5-AE6E-002B732DD43D}.Release|Any CPU.ActiveCfg = Release|Any CPU
		{1686C005-0DDB-4BC5-AE6E-002B732DD43D}.Release|Any CPU.Build.0 = Release|Any CPU
		{B21D4FF2-F1FA-4408-B4CC-8AD146C4CB00}.Debug|Any CPU.ActiveCfg = Debug|Any CPU
		{B21D4FF2-F1FA-4408-B4CC-8AD146C4CB00}.Debug|Any CPU.Build.0 = Debug|Any CPU
		{B21D4FF2-F1FA-4408-B4CC-8AD146C4CB00}.Release|Any CPU.ActiveCfg = Release|Any CPU
		{B21D4FF2-F1FA-4408-B4CC-8AD146C4CB00}.Release|Any CPU.Build.0 = Release|Any CPU
		{ABCF6717-1661-4BD8-AAD9-570526F2D2D8}.Debug|Any CPU.ActiveCfg = Debug|Any CPU
		{ABCF6717-1661-4BD8-AAD9-570526F2D2D8}.Debug|Any CPU.Build.0 = Debug|Any CPU
		{ABCF6717-1661-4BD8-AAD9-570526F2D2D8}.Release|Any CPU.ActiveCfg = Release|Any CPU
		{ABCF6717-1661-4BD8-AAD9-570526F2D2D8}.Release|Any CPU.Build.0 = Release|Any CPU
		{13385378-FEC9-43C4-A2A0-CF3E56FEF281}.Debug|Any CPU.ActiveCfg = Debug|Any CPU
		{13385378-FEC9-43C4-A2A0-CF3E56FEF281}.Debug|Any CPU.Build.0 = Debug|Any CPU
		{13385378-FEC9-43C4-A2A0-CF3E56FEF281}.Release|Any CPU.ActiveCfg = Release|Any CPU
		{13385378-FEC9-43C4-A2A0-CF3E56FEF281}.Release|Any CPU.Build.0 = Release|Any CPU
		{1B585069-ED6E-4E63-9C92-9E86D2FC3814}.Debug|Any CPU.ActiveCfg = Debug|Any CPU
		{1B585069-ED6E-4E63-9C92-9E86D2FC3814}.Debug|Any CPU.Build.0 = Debug|Any CPU
		{1B585069-ED6E-4E63-9C92-9E86D2FC3814}.Release|Any CPU.ActiveCfg = Release|Any CPU
		{1B585069-ED6E-4E63-9C92-9E86D2FC3814}.Release|Any CPU.Build.0 = Release|Any CPU
		{02967965-2873-4AC8-A0BA-B962C0175F0D}.Debug|Any CPU.ActiveCfg = Debug|Any CPU
		{02967965-2873-4AC8-A0BA-B962C0175F0D}.Debug|Any CPU.Build.0 = Debug|Any CPU
		{02967965-2873-4AC8-A0BA-B962C0175F0D}.Release|Any CPU.ActiveCfg = Release|Any CPU
		{02967965-2873-4AC8-A0BA-B962C0175F0D}.Release|Any CPU.Build.0 = Release|Any CPU
	EndGlobalSection
	GlobalSection(SolutionProperties) = preSolution
		HideSolutionNode = FALSE
	EndGlobalSection
	GlobalSection(ExtensibilityGlobals) = postSolution
		SolutionGuid = {6BDE18EB-3EF4-4470-977B-94FCDC849E01}
	EndGlobalSection
EndGlobal
