
Microsoft Visual Studio Solution File, Format Version 12.00
# Visual Studio Version 17
VisualStudioVersion = 17.5.33627.172
MinimumVisualStudioVersion = 10.0.40219.1
Project("{FAE04EC0-301F-11D3-BF4B-00C04F79EFBC}") = "Healthtrackr.Activity", "Healthtrackr.Activity\Healthtrackr.Activity.csproj", "{179AA091-6AB5-4051-8C0E-2B8460C6D870}"
EndProject
Project("{FAE04EC0-301F-11D3-BF4B-00C04F79EFBC}") = "Healthtrackr.Activity.Common", "Healthtrackr.Activity.Common\Healthtrackr.Activity.Common.csproj", "{35BF039F-E9E7-476F-B228-16ED7BC68518}"
EndProject
Project("{FAE04EC0-301F-11D3-BF4B-00C04F79EFBC}") = "Healthtrackr.Activity.Repository", "Healthtrackr.Activity.Repository\Healthtrackr.Activity.Repository.csproj", "{0ECBEEF7-035F-4507-B9E0-F3EF4269841F}"
EndProject
Project("{FAE04EC0-301F-11D3-BF4B-00C04F79EFBC}") = "Healthtrackr.Activity.Services", "Healthtrackr.Activity.Services\Healthtrackr.Activity.Services.csproj", "{02DF3485-9EA4-44B6-8534-39FCA14C8F3A}"
EndProject
Project("{FAE04EC0-301F-11D3-BF4B-00C04F79EFBC}") = "Healthtrackr.Activity.Services.UnitTests", "Healthtrackr.Activity.Services.UnitTests\Healthtrackr.Activity.Services.UnitTests.csproj", "{CA528FBC-A9DB-464C-95FD-292BFFE6F714}"
EndProject
Global
	GlobalSection(SolutionConfigurationPlatforms) = preSolution
		Debug|Any CPU = Debug|Any CPU
		Release|Any CPU = Release|Any CPU
	EndGlobalSection
	GlobalSection(ProjectConfigurationPlatforms) = postSolution
		{179AA091-6AB5-4051-8C0E-2B8460C6D870}.Debug|Any CPU.ActiveCfg = Debug|Any CPU
		{179AA091-6AB5-4051-8C0E-2B8460C6D870}.Debug|Any CPU.Build.0 = Debug|Any CPU
		{179AA091-6AB5-4051-8C0E-2B8460C6D870}.Release|Any CPU.ActiveCfg = Release|Any CPU
		{179AA091-6AB5-4051-8C0E-2B8460C6D870}.Release|Any CPU.Build.0 = Release|Any CPU
		{35BF039F-E9E7-476F-B228-16ED7BC68518}.Debug|Any CPU.ActiveCfg = Debug|Any CPU
		{35BF039F-E9E7-476F-B228-16ED7BC68518}.Debug|Any CPU.Build.0 = Debug|Any CPU
		{35BF039F-E9E7-476F-B228-16ED7BC68518}.Release|Any CPU.ActiveCfg = Release|Any CPU
		{35BF039F-E9E7-476F-B228-16ED7BC68518}.Release|Any CPU.Build.0 = Release|Any CPU
		{0ECBEEF7-035F-4507-B9E0-F3EF4269841F}.Debug|Any CPU.ActiveCfg = Debug|Any CPU
		{0ECBEEF7-035F-4507-B9E0-F3EF4269841F}.Debug|Any CPU.Build.0 = Debug|Any CPU
		{0ECBEEF7-035F-4507-B9E0-F3EF4269841F}.Release|Any CPU.ActiveCfg = Release|Any CPU
		{0ECBEEF7-035F-4507-B9E0-F3EF4269841F}.Release|Any CPU.Build.0 = Release|Any CPU
		{02DF3485-9EA4-44B6-8534-39FCA14C8F3A}.Debug|Any CPU.ActiveCfg = Debug|Any CPU
		{02DF3485-9EA4-44B6-8534-39FCA14C8F3A}.Debug|Any CPU.Build.0 = Debug|Any CPU
		{02DF3485-9EA4-44B6-8534-39FCA14C8F3A}.Release|Any CPU.ActiveCfg = Release|Any CPU
		{02DF3485-9EA4-44B6-8534-39FCA14C8F3A}.Release|Any CPU.Build.0 = Release|Any CPU
		{CA528FBC-A9DB-464C-95FD-292BFFE6F714}.Debug|Any CPU.ActiveCfg = Debug|Any CPU
		{CA528FBC-A9DB-464C-95FD-292BFFE6F714}.Debug|Any CPU.Build.0 = Debug|Any CPU
		{CA528FBC-A9DB-464C-95FD-292BFFE6F714}.Release|Any CPU.ActiveCfg = Release|Any CPU
		{CA528FBC-A9DB-464C-95FD-292BFFE6F714}.Release|Any CPU.Build.0 = Release|Any CPU
	EndGlobalSection
	GlobalSection(SolutionProperties) = preSolution
		HideSolutionNode = FALSE
	EndGlobalSection
	GlobalSection(ExtensibilityGlobals) = postSolution
		SolutionGuid = {57103C5A-FAB3-48AE-8B97-B131640E5902}
	EndGlobalSection
EndGlobal
